
Microsoft Visual Studio Solution File, Format Version 12.00
# Visual Studio Version 16
VisualStudioVersion = 16.0.30503.244
MinimumVisualStudioVersion = 10.0.40219.1
Project("{FAE04EC0-301F-11D3-BF4B-00C04F79EFBC}") = "MiralParmarMvpTask", "MiralParmarMvpTask\MiralParmarMvpTask.csproj", "{97BFD1DD-F32E-4740-AFD3-1532CDDEE66B}"
EndProject
Global
	GlobalSection(SolutionConfigurationPlatforms) = preSolution
		Debug|Any CPU = Debug|Any CPU
		Release|Any CPU = Release|Any CPU
	EndGlobalSection
	GlobalSection(ProjectConfigurationPlatforms) = postSolution
		{97BFD1DD-F32E-4740-AFD3-1532CDDEE66B}.Debug|Any CPU.ActiveCfg = Debug|Any CPU
		{97BFD1DD-F32E-4740-AFD3-1532CDDEE66B}.Debug|Any CPU.Build.0 = Debug|Any CPU
		{97BFD1DD-F32E-4740-AFD3-1532CDDEE66B}.Release|Any CPU.ActiveCfg = Release|Any CPU
		{97BFD1DD-F32E-4740-AFD3-1532CDDEE66B}.Release|Any CPU.Build.0 = Release|Any CPU
	EndGlobalSection
	GlobalSection(SolutionProperties) = preSolution
		HideSolutionNode = FALSE
	EndGlobalSection
	GlobalSection(ExtensibilityGlobals) = postSolution
		SolutionGuid = {C2299D9E-9AC4-47BA-8BCC-5F7A692379E0}
	EndGlobalSection
EndGlobal
